{
  "name": "mini-car-3d",
  "version": "1.0.0",
  "lockfileVersion": 3,
  "requires": true,
  "packages": {
    "": {
      "name": "mini-car-3d",
      "version": "1.0.0",
      "dependencies": {
        "@dimforge/rapier3d-compat": "^0.12.0",
        "ws": "^8.18.3"
      }
    },
    "node_modules/@dimforge/rapier3d-compat": {
      "version": "0.12.0",
      "resolved": "https://registry.npmjs.org/@dimforge/rapier3d-compat/-/rapier3d-compat-0.12.0.tgz",
      "integrity": "sha512-PLACEHOLDER",
      "license": "Apache-2.0"
    },
    "node_modules/ws": {
      "version": "8.18.3",
      "resolved": "https://registry.npmjs.org/ws/-/ws-8.18.3.tgz",
      "integrity": "sha512-G6ikuis/T9ELxlNlAOeyB78rd5KylSVAGvSzBQwbLynQGRWjyGMR+snPD81IDPGeojvj2Kj4fwHgj17uegfusA==",
      "license": "MIT",
      "engines": {
        "node": ">=10.0.0"
      },
      "peerDependencies": {
        "bufferutil": ">= 4.0.1",
        "utf-8-validate": ">= 5.0.2"
      },
      "peerDependenciesMeta": {
        "bufferutil": {
          "optional": true
        },
        "utf-8-validate": {
          "optional": true
        }
      }
    }
  },
  "dependencies": {
    "@dimforge/rapier3d-compat": {
      "version": "0.12.0",
      "resolved": "https://registry.npmjs.org/@dimforge/rapier3d-compat/-/rapier3d-compat-0.12.0.tgz",
      "integrity": "sha512-PLACEHOLDER"
    },
    "ws": {
      "version": "8.18.3",
      "resolved": "https://registry.npmjs.org/ws/-/ws-8.18.3.tgz",
      "integrity": "sha512-G6ikuis/T9ELxlNlAOeyB78rd5KylSVAGvSzBQwbLynQGRWjyGMR+snPD81IDPGeojvj2Kj4fwHgj17uegfusA==",
      "requires": {}
    }
  }
}
