{
  "name": "mini-car-3d",
  "version": "1.0.0",
  "lockfileVersion": 3,
  "requires": true,
  "packages": {
    "": {
      "name": "mini-car-3d",
      "version": "1.0.0",
      "dependencies": {
        "@dimforge/rapier3d-compat": "^0.12.0",
        "ws": "^8.18.3"
      }
    },
    "node_modules/@dimforge/rapier3d-compat": {
      "version": "0.12.0",
      "resolved": "https://registry.npmjs.org/@dimforge/rapier3d-compat/-/rapier3d-compat-0.12.0.tgz",
      "integrity": "sha512-WST/ufiieilDDqhPZ2nr6ZUzeDYzX5sfgaFDCWrjJ94wFaNYDcbGIiD4WMWs4E8Mt6RJZ+n05ssvzst1jkMVmQ==",
      "license": "Apache-2.0"
    },
    "node_modules/ws": {
      "version": "8.18.3",
      "resolved": "https://registry.npmjs.org/ws/-/ws-8.18.3.tgz",
      "integrity": "sha512-Kieqf2rcRXzcDKD498nW2sc7wU+EnuElCl4+vrv1SrS5Iuy/+PvDzjWcdE2VQbOcBBPpLXAJkyeuhUKrB4BCQQ==",
      "license": "MIT"
    }
  },
  "dependencies": {
    "@dimforge/rapier3d-compat": {
      "version": "0.12.0",
      "resolved": "https://registry.npmjs.org/@dimforge/rapier3d-compat/-/rapier3d-compat-0.12.0.tgz",
      "integrity": "sha512-WST/ufiieilDDqhPZ2nr6ZUzeDYzX5sfgaFDCWrjJ94wFaNYDcbGIiD4WMWs4E8Mt6RJZ+n05ssvzst1jkMVmQ=="
    },
    "ws": {
      "version": "8.18.3",
      "resolved": "https://registry.npmjs.org/ws/-/ws-8.18.3.tgz",
      "integrity": "sha512-Kieqf2rcRXzcDKD498nW2sc7wU+EnuElCl4+vrv1SrS5Iuy/+PvDzjWcdE2VQbOcBBPpLXAJkyeuhUKrB4BCQQ=="
    }
  }
}
